
Microsoft Visual Studio Solution File, Format Version 12.00
# Visual Studio Version 17
VisualStudioVersion = 17.8.34205.153
MinimumVisualStudioVersion = 10.0.40219.1
Project("{9A19103F-16F7-4668-BE54-9A1E7A4F7556}") = "ZStack.Extensions", "ZStack.Extensions\ZStack.Extensions.csproj", "{74CF0470-8C1F-4546-84B8-16C70255151A}"
EndProject
Project("{9A19103F-16F7-4668-BE54-9A1E7A4F7556}") = "ZStack.Core", "ZStack.Core\ZStack.Core.csproj", "{31684F4D-0B78-4680-80AC-F525CD35E2F1}"
EndProject
Project("{9A19103F-16F7-4668-BE54-9A1E7A4F7556}") = "ZStack.AspNetCore", "ZStack.AspNetCore\ZStack.AspNetCore.csproj", "{5FBA691F-2BCE-431C-9AE9-731178999A85}"
EndProject
Project("{9A19103F-16F7-4668-BE54-9A1E7A4F7556}") = "ZStack.AspNetCore.EventBus", "ZStack.AspNetCore.EventBus\ZStack.AspNetCore.EventBus.csproj", "{CED9C5AF-FC1B-4957-8BB2-D115EC301491}"
EndProject
Project("{9A19103F-16F7-4668-BE54-9A1E7A4F7556}") = "ZStack.AspNetCore.SqlSugar", "ZStack.AspNetCore.SqlSugar\ZStack.AspNetCore.SqlSugar.csproj", "{0AABF6F4-F17E-4DB4-87FE-47FA728ECE75}"
EndProject
Project("{2150E333-8FDC-42A3-9474-1A3956D46DE8}") = "Hangfire", "Hangfire", "{A41583B1-940B-4EFB-8AA7-4CFD39945B4A}"
EndProject
Project("{9A19103F-16F7-4668-BE54-9A1E7A4F7556}") = "ZStack.AspNetCore.Hangfire", "ZStack.AspNetCore.Hangfire\ZStack.AspNetCore.Hangfire.csproj", "{2A4276B6-F5AD-44C3-8DB9-317A5268DE07}"
EndProject
Project("{9A19103F-16F7-4668-BE54-9A1E7A4F7556}") = "ZStack.AspNetCore.Hangfire.MemoryStorage", "ZStack.AspNetCore.Hangfire.MemoryStorage\ZStack.AspNetCore.Hangfire.MemoryStorage.csproj", "{69170D58-ED24-46A7-AACD-7EBB8CAEFE8D}"
EndProject
Project("{9A19103F-16F7-4668-BE54-9A1E7A4F7556}") = "ZStack.AspNetCore.Hangfire.PostgreSql", "ZStack.AspNetCore.Hangfire.PostgreSql\ZStack.AspNetCore.Hangfire.PostgreSql.csproj", "{09D05C2C-A255-4FAC-BE67-D4A453A44C5E}"
EndProject
Project("{9A19103F-16F7-4668-BE54-9A1E7A4F7556}") = "ZStack.AspNetCore.Hangfire.Redis", "ZStack.AspNetCore.Hangfire.Redis\ZStack.AspNetCore.Hangfire.Redis.csproj", "{0875B06B-E6BB-471E-89AC-7694A4E6D176}"
EndProject
Project("{2150E333-8FDC-42A3-9474-1A3956D46DE8}") = "解决方案项", "解决方案项", "{F651BACD-5383-4B32-BB7B-F7CF3195BAC7}"
	ProjectSection(SolutionItems) = preProject
		Directory.Build.props = Directory.Build.props
		..\README.md = ..\README.md
	EndProjectSection
EndProject
Global
	GlobalSection(SolutionConfigurationPlatforms) = preSolution
		Debug|Any CPU = Debug|Any CPU
		Release|Any CPU = Release|Any CPU
	EndGlobalSection
	GlobalSection(ProjectConfigurationPlatforms) = postSolution
		{74CF0470-8C1F-4546-84B8-16C70255151A}.Debug|Any CPU.ActiveCfg = Debug|Any CPU
		{74CF0470-8C1F-4546-84B8-16C70255151A}.Debug|Any CPU.Build.0 = Debug|Any CPU
		{74CF0470-8C1F-4546-84B8-16C70255151A}.Release|Any CPU.ActiveCfg = Release|Any CPU
		{74CF0470-8C1F-4546-84B8-16C70255151A}.Release|Any CPU.Build.0 = Release|Any CPU
		{31684F4D-0B78-4680-80AC-F525CD35E2F1}.Debug|Any CPU.ActiveCfg = Debug|Any CPU
		{31684F4D-0B78-4680-80AC-F525CD35E2F1}.Debug|Any CPU.Build.0 = Debug|Any CPU
		{31684F4D-0B78-4680-80AC-F525CD35E2F1}.Release|Any CPU.ActiveCfg = Release|Any CPU
		{31684F4D-0B78-4680-80AC-F525CD35E2F1}.Release|Any CPU.Build.0 = Release|Any CPU
		{5FBA691F-2BCE-431C-9AE9-731178999A85}.Debug|Any CPU.ActiveCfg = Debug|Any CPU
		{5FBA691F-2BCE-431C-9AE9-731178999A85}.Debug|Any CPU.Build.0 = Debug|Any CPU
		{5FBA691F-2BCE-431C-9AE9-731178999A85}.Release|Any CPU.ActiveCfg = Release|Any CPU
		{5FBA691F-2BCE-431C-9AE9-731178999A85}.Release|Any CPU.Build.0 = Release|Any CPU
		{CED9C5AF-FC1B-4957-8BB2-D115EC301491}.Debug|Any CPU.ActiveCfg = Debug|Any CPU
		{CED9C5AF-FC1B-4957-8BB2-D115EC301491}.Debug|Any CPU.Build.0 = Debug|Any CPU
		{CED9C5AF-FC1B-4957-8BB2-D115EC301491}.Release|Any CPU.ActiveCfg = Release|Any CPU
		{CED9C5AF-FC1B-4957-8BB2-D115EC301491}.Release|Any CPU.Build.0 = Release|Any CPU
		{0AABF6F4-F17E-4DB4-87FE-47FA728ECE75}.Debug|Any CPU.ActiveCfg = Debug|Any CPU
		{0AABF6F4-F17E-4DB4-87FE-47FA728ECE75}.Debug|Any CPU.Build.0 = Debug|Any CPU
		{0AABF6F4-F17E-4DB4-87FE-47FA728ECE75}.Release|Any CPU.ActiveCfg = Release|Any CPU
		{0AABF6F4-F17E-4DB4-87FE-47FA728ECE75}.Release|Any CPU.Build.0 = Release|Any CPU
		{2A4276B6-F5AD-44C3-8DB9-317A5268DE07}.Debug|Any CPU.ActiveCfg = Debug|Any CPU
		{2A4276B6-F5AD-44C3-8DB9-317A5268DE07}.Debug|Any CPU.Build.0 = Debug|Any CPU
		{2A4276B6-F5AD-44C3-8DB9-317A5268DE07}.Release|Any CPU.ActiveCfg = Release|Any CPU
		{2A4276B6-F5AD-44C3-8DB9-317A5268DE07}.Release|Any CPU.Build.0 = Release|Any CPU
		{69170D58-ED24-46A7-AACD-7EBB8CAEFE8D}.Debug|Any CPU.ActiveCfg = Debug|Any CPU
		{69170D58-ED24-46A7-AACD-7EBB8CAEFE8D}.Debug|Any CPU.Build.0 = Debug|Any CPU
		{69170D58-ED24-46A7-AACD-7EBB8CAEFE8D}.Release|Any CPU.ActiveCfg = Release|Any CPU
		{69170D58-ED24-46A7-AACD-7EBB8CAEFE8D}.Release|Any CPU.Build.0 = Release|Any CPU
		{09D05C2C-A255-4FAC-BE67-D4A453A44C5E}.Debug|Any CPU.ActiveCfg = Debug|Any CPU
		{09D05C2C-A255-4FAC-BE67-D4A453A44C5E}.Debug|Any CPU.Build.0 = Debug|Any CPU
		{09D05C2C-A255-4FAC-BE67-D4A453A44C5E}.Release|Any CPU.ActiveCfg = Release|Any CPU
		{09D05C2C-A255-4FAC-BE67-D4A453A44C5E}.Release|Any CPU.Build.0 = Release|Any CPU
		{0875B06B-E6BB-471E-89AC-7694A4E6D176}.Debug|Any CPU.ActiveCfg = Debug|Any CPU
		{0875B06B-E6BB-471E-89AC-7694A4E6D176}.Debug|Any CPU.Build.0 = Debug|Any CPU
		{0875B06B-E6BB-471E-89AC-7694A4E6D176}.Release|Any CPU.ActiveCfg = Release|Any CPU
		{0875B06B-E6BB-471E-89AC-7694A4E6D176}.Release|Any CPU.Build.0 = Release|Any CPU
	EndGlobalSection
	GlobalSection(SolutionProperties) = preSolution
		HideSolutionNode = FALSE
	EndGlobalSection
	GlobalSection(NestedProjects) = preSolution
		{2A4276B6-F5AD-44C3-8DB9-317A5268DE07} = {A41583B1-940B-4EFB-8AA7-4CFD39945B4A}
		{69170D58-ED24-46A7-AACD-7EBB8CAEFE8D} = {A41583B1-940B-4EFB-8AA7-4CFD39945B4A}
		{09D05C2C-A255-4FAC-BE67-D4A453A44C5E} = {A41583B1-940B-4EFB-8AA7-4CFD39945B4A}
		{0875B06B-E6BB-471E-89AC-7694A4E6D176} = {A41583B1-940B-4EFB-8AA7-4CFD39945B4A}
	EndGlobalSection
	GlobalSection(ExtensibilityGlobals) = postSolution
		SolutionGuid = {D5D20333-0F84-46F6-88AC-34D6A5ED32FE}
	EndGlobalSection
EndGlobal
