<Solution>
  <Folder Name="/Hangfire/">
    <Project Path="ZStack.AspNetCore.Hangfire.MemoryStorage/ZStack.AspNetCore.Hangfire.MemoryStorage.csproj" />
    <Project Path="ZStack.AspNetCore.Hangfire.PostgreSql/ZStack.AspNetCore.Hangfire.PostgreSql.csproj" />
    <Project Path="ZStack.AspNetCore.Hangfire.Redis/ZStack.AspNetCore.Hangfire.Redis.csproj" />
    <Project Path="ZStack.AspNetCore.Hangfire/ZStack.AspNetCore.Hangfire.csproj" />
  </Folder>
  <Folder Name="/QingTui/">
    <Project Path="ZStack.AspNetCore.QingTui/ZStack.AspNetCore.QingTui.csproj" />
    <Project Path="ZStack.QingTui/ZStack.QingTui.csproj" />
  </Folder>
  <Folder Name="/Test/">
    <Project Path="../test/ZStackWebApplication/ZStackWebApplication.csproj" />
  </Folder>
  <Folder Name="/解决方案项/">
    <File Path="../.gitignore" />
    <File Path="../README.md" />
    <File Path="Directory.Build.props" />
  </Folder>
  <Project Path="ZStack.AspNetCore.EventBus/ZStack.AspNetCore.EventBus.csproj" />
  <Project Path="ZStack.AspNetCore.OpenTelemetry/ZStack.AspNetCore.OpenTelemetry.csproj" />
  <Project Path="ZStack.AspNetCore.SqlSugar/ZStack.AspNetCore.SqlSugar.csproj" />
  <Project Path="ZStack.AspNetCore/ZStack.AspNetCore.csproj" />
  <Project Path="ZStack.Core/ZStack.Core.csproj" />
  <Project Path="ZStack.Extensions/ZStack.Extensions.csproj" />
</Solution>
